
Microsoft Visual Studio Solution File, Format Version 12.00
Project("{FAE04EC0-301F-11D3-BF4B-00C04F79EFBC}") = "AdonetStoredProcedures", "AdonetStoredProcedures\AdonetStoredProcedures.csproj", "{EC353F10-AA86-44F6-8D4A-057D068B06FF}"
EndProject
Global
	GlobalSection(SolutionConfigurationPlatforms) = preSolution
		Debug|Any CPU = Debug|Any CPU
		Release|Any CPU = Release|Any CPU
	EndGlobalSection
	GlobalSection(ProjectConfigurationPlatforms) = postSolution
		{EC353F10-AA86-44F6-8D4A-057D068B06FF}.Debug|Any CPU.ActiveCfg = Debug|Any CPU
		{EC353F10-AA86-44F6-8D4A-057D068B06FF}.Debug|Any CPU.Build.0 = Debug|Any CPU
		{EC353F10-AA86-44F6-8D4A-057D068B06FF}.Release|Any CPU.ActiveCfg = Release|Any CPU
		{EC353F10-AA86-44F6-8D4A-057D068B06FF}.Release|Any CPU.Build.0 = Release|Any CPU
	EndGlobalSection
EndGlobal
